
Microsoft Visual Studio Solution File, Format Version 11.00
# Visual Studio 2010
Project("{FAE04EC0-301F-11D3-BF4B-00C04F79EFBC}") = "MovieHub", "MovieHub\MovieHub.csproj", "{691351BD-8F51-4161-8971-1808186C969E}"
EndProject
Project("{FAE04EC0-301F-11D3-BF4B-00C04F79EFBC}") = "MovieHub.Tests", "MovieHub.Tests\MovieHub.Tests.csproj", "{23044D78-3EB7-48A0-B892-DAD52A522876}"
EndProject
Global
	GlobalSection(SolutionConfigurationPlatforms) = preSolution
		Debug|Any CPU = Debug|Any CPU
		Release|Any CPU = Release|Any CPU
	EndGlobalSection
	GlobalSection(ProjectConfigurationPlatforms) = postSolution
		{691351BD-8F51-4161-8971-1808186C969E}.Debug|Any CPU.ActiveCfg = Debug|Any CPU
		{691351BD-8F51-4161-8971-1808186C969E}.Debug|Any CPU.Build.0 = Debug|Any CPU
		{691351BD-8F51-4161-8971-1808186C969E}.Release|Any CPU.ActiveCfg = Release|Any CPU
		{691351BD-8F51-4161-8971-1808186C969E}.Release|Any CPU.Build.0 = Release|Any CPU
		{23044D78-3EB7-48A0-B892-DAD52A522876}.Debug|Any CPU.ActiveCfg = Debug|Any CPU
		{23044D78-3EB7-48A0-B892-DAD52A522876}.Debug|Any CPU.Build.0 = Debug|Any CPU
		{23044D78-3EB7-48A0-B892-DAD52A522876}.Release|Any CPU.ActiveCfg = Release|Any CPU
		{23044D78-3EB7-48A0-B892-DAD52A522876}.Release|Any CPU.Build.0 = Release|Any CPU
	EndGlobalSection
	GlobalSection(SolutionProperties) = preSolution
		HideSolutionNode = FALSE
	EndGlobalSection
EndGlobal
